
Microsoft Visual Studio Solution File, Format Version 12.00
# Visual Studio Version 16
VisualStudioVersion = 16.0.31911.196
MinimumVisualStudioVersion = 10.0.40219.1
Project("{FAE04EC0-301F-11D3-BF4B-00C04F79EFBC}") = "Exercise11", "Exercise11\Exercise11.csproj", "{AE5CDD6B-16B8-4B36-81C0-FFD40E4B6480}"
EndProject
Global
	GlobalSection(SolutionConfigurationPlatforms) = preSolution
		Debug|Any CPU = Debug|Any CPU
		Release|Any CPU = Release|Any CPU
	EndGlobalSection
	GlobalSection(ProjectConfigurationPlatforms) = postSolution
		{AE5CDD6B-16B8-4B36-81C0-FFD40E4B6480}.Debug|Any CPU.ActiveCfg = Debug|Any CPU
		{AE5CDD6B-16B8-4B36-81C0-FFD40E4B6480}.Debug|Any CPU.Build.0 = Debug|Any CPU
		{AE5CDD6B-16B8-4B36-81C0-FFD40E4B6480}.Release|Any CPU.ActiveCfg = Release|Any CPU
		{AE5CDD6B-16B8-4B36-81C0-FFD40E4B6480}.Release|Any CPU.Build.0 = Release|Any CPU
	EndGlobalSection
	GlobalSection(SolutionProperties) = preSolution
		HideSolutionNode = FALSE
	EndGlobalSection
	GlobalSection(ExtensibilityGlobals) = postSolution
		SolutionGuid = {A9BD55F5-5DDF-4CD6-800A-7D6CEC0F2960}
	EndGlobalSection
EndGlobal
